
Microsoft Visual Studio Solution File, Format Version 12.00
# Visual Studio Version 16
VisualStudioVersion = 16.0.31702.278
MinimumVisualStudioVersion = 10.0.40219.1
Project("{FAE04EC0-301F-11D3-BF4B-00C04F79EFBC}") = "Z69_ClickonceReplacer", "ClassLibrary1\Z69_ClickonceReplacer.csproj", "{840273EF-C8C8-45FA-B7A3-E16F3E1869A5}"
EndProject
Global
	GlobalSection(SolutionConfigurationPlatforms) = preSolution
		Debug|Any CPU = Debug|Any CPU
		Release|Any CPU = Release|Any CPU
	EndGlobalSection
	GlobalSection(ProjectConfigurationPlatforms) = postSolution
		{840273EF-C8C8-45FA-B7A3-E16F3E1869A5}.Debug|Any CPU.ActiveCfg = Debug|Any CPU
		{840273EF-C8C8-45FA-B7A3-E16F3E1869A5}.Debug|Any CPU.Build.0 = Debug|Any CPU
		{840273EF-C8C8-45FA-B7A3-E16F3E1869A5}.Release|Any CPU.ActiveCfg = Release|Any CPU
		{840273EF-C8C8-45FA-B7A3-E16F3E1869A5}.Release|Any CPU.Build.0 = Release|Any CPU
	EndGlobalSection
	GlobalSection(SolutionProperties) = preSolution
		HideSolutionNode = FALSE
	EndGlobalSection
	GlobalSection(ExtensibilityGlobals) = postSolution
		SolutionGuid = {D429A643-5CBB-42C9-921F-7D96849B9992}
	EndGlobalSection
EndGlobal
